
Microsoft Visual Studio Solution File, Format Version 12.00
# Visual Studio Version 17
VisualStudioVersion = 17.13.35825.156 d17.13
MinimumVisualStudioVersion = 10.0.40219.1
Project("{FAE04EC0-301F-11D3-BF4B-00C04F79EFBC}") = "sms", "sms\sms.csproj", "{4369C705-4BCB-4828-A5C7-E570AAC04726}"
EndProject
Global
	GlobalSection(SolutionConfigurationPlatforms) = preSolution
		Debug|Any CPU = Debug|Any CPU
		Release|Any CPU = Release|Any CPU
	EndGlobalSection
	GlobalSection(ProjectConfigurationPlatforms) = postSolution
		{4369C705-4BCB-4828-A5C7-E570AAC04726}.Debug|Any CPU.ActiveCfg = Debug|Any CPU
		{4369C705-4BCB-4828-A5C7-E570AAC04726}.Debug|Any CPU.Build.0 = Debug|Any CPU
		{4369C705-4BCB-4828-A5C7-E570AAC04726}.Release|Any CPU.ActiveCfg = Release|Any CPU
		{4369C705-4BCB-4828-A5C7-E570AAC04726}.Release|Any CPU.Build.0 = Release|Any CPU
	EndGlobalSection
	GlobalSection(SolutionProperties) = preSolution
		HideSolutionNode = FALSE
	EndGlobalSection
	GlobalSection(ExtensibilityGlobals) = postSolution
		SolutionGuid = {8393F7E1-6478-4335-A254-7D46D630F5FC}
	EndGlobalSection
EndGlobal
